
Microsoft Visual Studio Solution File, Format Version 12.00
# Visual Studio 16
Project("{FAE04EC0-301F-11D3-BF4B-00C04F79EFBC}") = "Assembly-CSharp", "Assembly-CSharp.csproj", "{11CA7B4C-F00E-5C36-3AD2-2C251A6A290A}"
EndProject
Global
	GlobalSection(SolutionConfigurationPlatforms) = preSolution
		Debug|Any CPU = Debug|Any CPU
		Release|Any CPU = Release|Any CPU
	EndGlobalSection
	GlobalSection(ProjectConfigurationPlatforms) = postSolution
		{11CA7B4C-F00E-5C36-3AD2-2C251A6A290A}.Debug|Any CPU.ActiveCfg = Debug|Any CPU
		{11CA7B4C-F00E-5C36-3AD2-2C251A6A290A}.Debug|Any CPU.Build.0 = Debug|Any CPU
		{11CA7B4C-F00E-5C36-3AD2-2C251A6A290A}.Release|Any CPU.ActiveCfg = Release|Any CPU
		{11CA7B4C-F00E-5C36-3AD2-2C251A6A290A}.Release|Any CPU.Build.0 = Release|Any CPU
	EndGlobalSection
	GlobalSection(SolutionProperties) = preSolution
		HideSolutionNode = FALSE
	EndGlobalSection
EndGlobal
